<?xml version="1.0" encoding="utf-8"?>
<Project ToolsVersion="16.0" xmlns="http://schemas.microsoft.com/developer/msbuild/2003">
  <ItemGroup>
    <ClCompile Include="C:\Users\robar\source\repos\Quickhull\Quickhull\SFML-2.5.1\src\SFML\Main\MainWin32.cpp">
      <Filter>Source Files</Filter>
    </ClCompile>
  </ItemGroup>
  <ItemGroup>
    <CustomBuild Include="C:\Users\robar\source\repos\Quickhull\Quickhull\SFML-2.5.1\src\SFML\Main\CMakeLists.txt" />
  </ItemGroup>
  <ItemGroup>
    <Filter Include="Source Files">
      <UniqueIdentifier>{822B9EF7-308F-31F7-B505-98D2233F79E5}</UniqueIdentifier>
    </Filter>
  </ItemGroup>
</Project>
