Microsoft Visual Studio Solution File, Format Version 12.00
# Visual Studio 16
Project("{2150E333-8FDC-42A3-9474-1A3956D46DE8}") = "CMake", "CMake", "{9AF2D6D6-D24F-3736-BAEB-FA15C5654A74}"
EndProject
Project("{2150E333-8FDC-42A3-9474-1A3956D46DE8}") = "SFML", "SFML", "{70354A76-242F-3941-AE4C-6F39ED4DDBBD}"
EndProject
Project("{8BC9CEB8-8B4A-11D0-8D11-00A0C91BC942}") = "ALL_BUILD", "ALL_BUILD.vcxproj", "{B6D7DEDF-1E42-38B9-8A12-DA7882EE30CA}"
	ProjectSection(ProjectDependencies) = postProject
		{11734D33-581D-3DA6-A33C-13D81B0C8159} = {11734D33-581D-3DA6-A33C-13D81B0C8159}
		{DB9AC392-8135-3D88-A07D-40142403B933} = {DB9AC392-8135-3D88-A07D-40142403B933}
		{99E49CA7-DFD6-34F1-A70E-562F115DF26D} = {99E49CA7-DFD6-34F1-A70E-562F115DF26D}
		{8C0F4668-6B44-3C37-A8B8-FDE17273437C} = {8C0F4668-6B44-3C37-A8B8-FDE17273437C}
		{6E980A38-A888-3B11-ABF7-E94D8A9FE669} = {6E980A38-A888-3B11-ABF7-E94D8A9FE669}
		{F4654036-722A-3510-A131-761BC8D1BE31} = {F4654036-722A-3510-A131-761BC8D1BE31}
		{158FC9DB-17E6-3DF7-9FB9-EF8A17659962} = {158FC9DB-17E6-3DF7-9FB9-EF8A17659962}
	EndProjectSection
EndProject
Project("{8BC9CEB8-8B4A-11D0-8D11-00A0C91BC942}") = "INSTALL", "INSTALL.vcxproj", "{A1305E7B-A126-3CE2-951D-9A18B880A8EF}"
	ProjectSection(ProjectDependencies) = postProject
		{B6D7DEDF-1E42-38B9-8A12-DA7882EE30CA} = {B6D7DEDF-1E42-38B9-8A12-DA7882EE30CA}
		{11734D33-581D-3DA6-A33C-13D81B0C8159} = {11734D33-581D-3DA6-A33C-13D81B0C8159}
	EndProjectSection
EndProject
Project("{8BC9CEB8-8B4A-11D0-8D11-00A0C91BC942}") = "ZERO_CHECK", "ZERO_CHECK.vcxproj", "{11734D33-581D-3DA6-A33C-13D81B0C8159}"
	ProjectSection(ProjectDependencies) = postProject
	EndProjectSection
EndProject
Project("{8BC9CEB8-8B4A-11D0-8D11-00A0C91BC942}") = "sfml-audio", "src\SFML\Audio\sfml-audio.vcxproj", "{DB9AC392-8135-3D88-A07D-40142403B933}"
	ProjectSection(ProjectDependencies) = postProject
		{11734D33-581D-3DA6-A33C-13D81B0C8159} = {11734D33-581D-3DA6-A33C-13D81B0C8159}
		{F4654036-722A-3510-A131-761BC8D1BE31} = {F4654036-722A-3510-A131-761BC8D1BE31}
	EndProjectSection
EndProject
Project("{8BC9CEB8-8B4A-11D0-8D11-00A0C91BC942}") = "sfml-graphics", "src\SFML\Graphics\sfml-graphics.vcxproj", "{99E49CA7-DFD6-34F1-A70E-562F115DF26D}"
	ProjectSection(ProjectDependencies) = postProject
		{11734D33-581D-3DA6-A33C-13D81B0C8159} = {11734D33-581D-3DA6-A33C-13D81B0C8159}
		{F4654036-722A-3510-A131-761BC8D1BE31} = {F4654036-722A-3510-A131-761BC8D1BE31}
		{158FC9DB-17E6-3DF7-9FB9-EF8A17659962} = {158FC9DB-17E6-3DF7-9FB9-EF8A17659962}
	EndProjectSection
EndProject
Project("{8BC9CEB8-8B4A-11D0-8D11-00A0C91BC942}") = "sfml-main", "src\SFML\Main\sfml-main.vcxproj", "{8C0F4668-6B44-3C37-A8B8-FDE17273437C}"
	ProjectSection(ProjectDependencies) = postProject
		{11734D33-581D-3DA6-A33C-13D81B0C8159} = {11734D33-581D-3DA6-A33C-13D81B0C8159}
	EndProjectSection
EndProject
Project("{8BC9CEB8-8B4A-11D0-8D11-00A0C91BC942}") = "sfml-network", "src\SFML\Network\sfml-network.vcxproj", "{6E980A38-A888-3B11-ABF7-E94D8A9FE669}"
	ProjectSection(ProjectDependencies) = postProject
		{11734D33-581D-3DA6-A33C-13D81B0C8159} = {11734D33-581D-3DA6-A33C-13D81B0C8159}
		{F4654036-722A-3510-A131-761BC8D1BE31} = {F4654036-722A-3510-A131-761BC8D1BE31}
	EndProjectSection
EndProject
Project("{8BC9CEB8-8B4A-11D0-8D11-00A0C91BC942}") = "sfml-system", "src\SFML\System\sfml-system.vcxproj", "{F4654036-722A-3510-A131-761BC8D1BE31}"
	ProjectSection(ProjectDependencies) = postProject
		{11734D33-581D-3DA6-A33C-13D81B0C8159} = {11734D33-581D-3DA6-A33C-13D81B0C8159}
	EndProjectSection
EndProject
Project("{8BC9CEB8-8B4A-11D0-8D11-00A0C91BC942}") = "sfml-window", "src\SFML\Window\sfml-window.vcxproj", "{158FC9DB-17E6-3DF7-9FB9-EF8A17659962}"
	ProjectSection(ProjectDependencies) = postProject
		{11734D33-581D-3DA6-A33C-13D81B0C8159} = {11734D33-581D-3DA6-A33C-13D81B0C8159}
		{F4654036-722A-3510-A131-761BC8D1BE31} = {F4654036-722A-3510-A131-761BC8D1BE31}
	EndProjectSection
EndProject
Global
	GlobalSection(SolutionConfigurationPlatforms) = preSolution
		Debug|x64 = Debug|x64
		Release|x64 = Release|x64
		MinSizeRel|x64 = MinSizeRel|x64
		RelWithDebInfo|x64 = RelWithDebInfo|x64
	EndGlobalSection
	GlobalSection(ProjectConfigurationPlatforms) = postSolution
		{B6D7DEDF-1E42-38B9-8A12-DA7882EE30CA}.Debug|x64.ActiveCfg = Debug|x64
		{B6D7DEDF-1E42-38B9-8A12-DA7882EE30CA}.Debug|x64.Build.0 = Debug|x64
		{B6D7DEDF-1E42-38B9-8A12-DA7882EE30CA}.Release|x64.ActiveCfg = Release|x64
		{B6D7DEDF-1E42-38B9-8A12-DA7882EE30CA}.Release|x64.Build.0 = Release|x64
		{B6D7DEDF-1E42-38B9-8A12-DA7882EE30CA}.MinSizeRel|x64.ActiveCfg = MinSizeRel|x64
		{B6D7DEDF-1E42-38B9-8A12-DA7882EE30CA}.MinSizeRel|x64.Build.0 = MinSizeRel|x64
		{B6D7DEDF-1E42-38B9-8A12-DA7882EE30CA}.RelWithDebInfo|x64.ActiveCfg = RelWithDebInfo|x64
		{B6D7DEDF-1E42-38B9-8A12-DA7882EE30CA}.RelWithDebInfo|x64.Build.0 = RelWithDebInfo|x64
		{A1305E7B-A126-3CE2-951D-9A18B880A8EF}.Debug|x64.ActiveCfg = Debug|x64
		{A1305E7B-A126-3CE2-951D-9A18B880A8EF}.Release|x64.ActiveCfg = Release|x64
		{A1305E7B-A126-3CE2-951D-9A18B880A8EF}.MinSizeRel|x64.ActiveCfg = MinSizeRel|x64
		{A1305E7B-A126-3CE2-951D-9A18B880A8EF}.RelWithDebInfo|x64.ActiveCfg = RelWithDebInfo|x64
		{11734D33-581D-3DA6-A33C-13D81B0C8159}.Debug|x64.ActiveCfg = Debug|x64
		{11734D33-581D-3DA6-A33C-13D81B0C8159}.Debug|x64.Build.0 = Debug|x64
		{11734D33-581D-3DA6-A33C-13D81B0C8159}.Release|x64.ActiveCfg = Release|x64
		{11734D33-581D-3DA6-A33C-13D81B0C8159}.Release|x64.Build.0 = Release|x64
		{11734D33-581D-3DA6-A33C-13D81B0C8159}.MinSizeRel|x64.ActiveCfg = MinSizeRel|x64
		{11734D33-581D-3DA6-A33C-13D81B0C8159}.MinSizeRel|x64.Build.0 = MinSizeRel|x64
		{11734D33-581D-3DA6-A33C-13D81B0C8159}.RelWithDebInfo|x64.ActiveCfg = RelWithDebInfo|x64
		{11734D33-581D-3DA6-A33C-13D81B0C8159}.RelWithDebInfo|x64.Build.0 = RelWithDebInfo|x64
		{DB9AC392-8135-3D88-A07D-40142403B933}.Debug|x64.ActiveCfg = Debug|x64
		{DB9AC392-8135-3D88-A07D-40142403B933}.Debug|x64.Build.0 = Debug|x64
		{DB9AC392-8135-3D88-A07D-40142403B933}.Release|x64.ActiveCfg = Release|x64
		{DB9AC392-8135-3D88-A07D-40142403B933}.Release|x64.Build.0 = Release|x64
		{DB9AC392-8135-3D88-A07D-40142403B933}.MinSizeRel|x64.ActiveCfg = MinSizeRel|x64
		{DB9AC392-8135-3D88-A07D-40142403B933}.MinSizeRel|x64.Build.0 = MinSizeRel|x64
		{DB9AC392-8135-3D88-A07D-40142403B933}.RelWithDebInfo|x64.ActiveCfg = RelWithDebInfo|x64
		{DB9AC392-8135-3D88-A07D-40142403B933}.RelWithDebInfo|x64.Build.0 = RelWithDebInfo|x64
		{99E49CA7-DFD6-34F1-A70E-562F115DF26D}.Debug|x64.ActiveCfg = Debug|x64
		{99E49CA7-DFD6-34F1-A70E-562F115DF26D}.Debug|x64.Build.0 = Debug|x64
		{99E49CA7-DFD6-34F1-A70E-562F115DF26D}.Release|x64.ActiveCfg = Release|x64
		{99E49CA7-DFD6-34F1-A70E-562F115DF26D}.Release|x64.Build.0 = Release|x64
		{99E49CA7-DFD6-34F1-A70E-562F115DF26D}.MinSizeRel|x64.ActiveCfg = MinSizeRel|x64
		{99E49CA7-DFD6-34F1-A70E-562F115DF26D}.MinSizeRel|x64.Build.0 = MinSizeRel|x64
		{99E49CA7-DFD6-34F1-A70E-562F115DF26D}.RelWithDebInfo|x64.ActiveCfg = RelWithDebInfo|x64
		{99E49CA7-DFD6-34F1-A70E-562F115DF26D}.RelWithDebInfo|x64.Build.0 = RelWithDebInfo|x64
		{8C0F4668-6B44-3C37-A8B8-FDE17273437C}.Debug|x64.ActiveCfg = Debug|x64
		{8C0F4668-6B44-3C37-A8B8-FDE17273437C}.Debug|x64.Build.0 = Debug|x64
		{8C0F4668-6B44-3C37-A8B8-FDE17273437C}.Release|x64.ActiveCfg = Release|x64
		{8C0F4668-6B44-3C37-A8B8-FDE17273437C}.Release|x64.Build.0 = Release|x64
		{8C0F4668-6B44-3C37-A8B8-FDE17273437C}.MinSizeRel|x64.ActiveCfg = MinSizeRel|x64
		{8C0F4668-6B44-3C37-A8B8-FDE17273437C}.MinSizeRel|x64.Build.0 = MinSizeRel|x64
		{8C0F4668-6B44-3C37-A8B8-FDE17273437C}.RelWithDebInfo|x64.ActiveCfg = RelWithDebInfo|x64
		{8C0F4668-6B44-3C37-A8B8-FDE17273437C}.RelWithDebInfo|x64.Build.0 = RelWithDebInfo|x64
		{6E980A38-A888-3B11-ABF7-E94D8A9FE669}.Debug|x64.ActiveCfg = Debug|x64
		{6E980A38-A888-3B11-ABF7-E94D8A9FE669}.Debug|x64.Build.0 = Debug|x64
		{6E980A38-A888-3B11-ABF7-E94D8A9FE669}.Release|x64.ActiveCfg = Release|x64
		{6E980A38-A888-3B11-ABF7-E94D8A9FE669}.Release|x64.Build.0 = Release|x64
		{6E980A38-A888-3B11-ABF7-E94D8A9FE669}.MinSizeRel|x64.ActiveCfg = MinSizeRel|x64
		{6E980A38-A888-3B11-ABF7-E94D8A9FE669}.MinSizeRel|x64.Build.0 = MinSizeRel|x64
		{6E980A38-A888-3B11-ABF7-E94D8A9FE669}.RelWithDebInfo|x64.ActiveCfg = RelWithDebInfo|x64
		{6E980A38-A888-3B11-ABF7-E94D8A9FE669}.RelWithDebInfo|x64.Build.0 = RelWithDebInfo|x64
		{F4654036-722A-3510-A131-761BC8D1BE31}.Debug|x64.ActiveCfg = Debug|x64
		{F4654036-722A-3510-A131-761BC8D1BE31}.Debug|x64.Build.0 = Debug|x64
		{F4654036-722A-3510-A131-761BC8D1BE31}.Release|x64.ActiveCfg = Release|x64
		{F4654036-722A-3510-A131-761BC8D1BE31}.Release|x64.Build.0 = Release|x64
		{F4654036-722A-3510-A131-761BC8D1BE31}.MinSizeRel|x64.ActiveCfg = MinSizeRel|x64
		{F4654036-722A-3510-A131-761BC8D1BE31}.MinSizeRel|x64.Build.0 = MinSizeRel|x64
		{F4654036-722A-3510-A131-761BC8D1BE31}.RelWithDebInfo|x64.ActiveCfg = RelWithDebInfo|x64
		{F4654036-722A-3510-A131-761BC8D1BE31}.RelWithDebInfo|x64.Build.0 = RelWithDebInfo|x64
		{158FC9DB-17E6-3DF7-9FB9-EF8A17659962}.Debug|x64.ActiveCfg = Debug|x64
		{158FC9DB-17E6-3DF7-9FB9-EF8A17659962}.Debug|x64.Build.0 = Debug|x64
		{158FC9DB-17E6-3DF7-9FB9-EF8A17659962}.Release|x64.ActiveCfg = Release|x64
		{158FC9DB-17E6-3DF7-9FB9-EF8A17659962}.Release|x64.Build.0 = Release|x64
		{158FC9DB-17E6-3DF7-9FB9-EF8A17659962}.MinSizeRel|x64.ActiveCfg = MinSizeRel|x64
		{158FC9DB-17E6-3DF7-9FB9-EF8A17659962}.MinSizeRel|x64.Build.0 = MinSizeRel|x64
		{158FC9DB-17E6-3DF7-9FB9-EF8A17659962}.RelWithDebInfo|x64.ActiveCfg = RelWithDebInfo|x64
		{158FC9DB-17E6-3DF7-9FB9-EF8A17659962}.RelWithDebInfo|x64.Build.0 = RelWithDebInfo|x64
	EndGlobalSection
	GlobalSection(NestedProjects) = preSolution
		{B6D7DEDF-1E42-38B9-8A12-DA7882EE30CA} = {9AF2D6D6-D24F-3736-BAEB-FA15C5654A74}
		{A1305E7B-A126-3CE2-951D-9A18B880A8EF} = {9AF2D6D6-D24F-3736-BAEB-FA15C5654A74}
		{11734D33-581D-3DA6-A33C-13D81B0C8159} = {9AF2D6D6-D24F-3736-BAEB-FA15C5654A74}
		{DB9AC392-8135-3D88-A07D-40142403B933} = {70354A76-242F-3941-AE4C-6F39ED4DDBBD}
		{99E49CA7-DFD6-34F1-A70E-562F115DF26D} = {70354A76-242F-3941-AE4C-6F39ED4DDBBD}
		{8C0F4668-6B44-3C37-A8B8-FDE17273437C} = {70354A76-242F-3941-AE4C-6F39ED4DDBBD}
		{6E980A38-A888-3B11-ABF7-E94D8A9FE669} = {70354A76-242F-3941-AE4C-6F39ED4DDBBD}
		{F4654036-722A-3510-A131-761BC8D1BE31} = {70354A76-242F-3941-AE4C-6F39ED4DDBBD}
		{158FC9DB-17E6-3DF7-9FB9-EF8A17659962} = {70354A76-242F-3941-AE4C-6F39ED4DDBBD}
	EndGlobalSection
	GlobalSection(ExtensibilityGlobals) = postSolution
		SolutionGuid = {1D4E0EAF-D234-3DAE-BE9E-5D247EE22934}
	EndGlobalSection
	GlobalSection(ExtensibilityAddIns) = postSolution
	EndGlobalSection
EndGlobal
